
Microsoft Visual Studio Solution File, Format Version 12.00
# Visual Studio Version 17
VisualStudioVersion = 17.10.35122.118
MinimumVisualStudioVersion = 10.0.40219.1
Project("{2150E333-8FDC-42A3-9474-1A3956D46DE8}") = "Documancer.Source", "Documancer.Source", "{5A455358-53D3-455E-90F6-823902EC6C3F}"
EndProject
Project("{2150E333-8FDC-42A3-9474-1A3956D46DE8}") = "Migrators", "Migrators", "{303AC0A4-96D8-472F-A17A-2D417A1CFAB0}"
EndProject
Project("{FAE04EC0-301F-11D3-BF4B-00C04F79EFBC}") = "Migrators.PostgreSQL", "Migrators.PostgreSQL\Migrators.PostgreSQL.csproj", "{208F20E2-19D9-4EF9-9452-E5755DEDA513}"
EndProject
Project("{FAE04EC0-301F-11D3-BF4B-00C04F79EFBC}") = "Documancer.Application", "Documancer.Application\Documancer.Application.csproj", "{01B5D059-B9B3-4E72-B26D-1736E935DED4}"
EndProject
Project("{FAE04EC0-301F-11D3-BF4B-00C04F79EFBC}") = "Documancer.Domain", "Documancer.Domain\Documancer.Domain.csproj", "{CBE67736-7751-442A-9106-97022CCE4B94}"
EndProject
Project("{FAE04EC0-301F-11D3-BF4B-00C04F79EFBC}") = "Documancer.Infrastructure", "Documancer.Infrastructure\Documancer.Infrastructure.csproj", "{D4DFE4E7-3AF5-4121-9417-9C89706926C2}"
EndProject
Project("{FAE04EC0-301F-11D3-BF4B-00C04F79EFBC}") = "Documancer.Server", "Documancer.Server\Documancer.Server.csproj", "{5127FC5D-29DF-4F0B-B841-9CD827445FED}"
EndProject
Global
	GlobalSection(SolutionConfigurationPlatforms) = preSolution
		Debug|Any CPU = Debug|Any CPU
		Release|Any CPU = Release|Any CPU
	EndGlobalSection
	GlobalSection(ProjectConfigurationPlatforms) = postSolution
		{208F20E2-19D9-4EF9-9452-E5755DEDA513}.Debug|Any CPU.ActiveCfg = Debug|Any CPU
		{208F20E2-19D9-4EF9-9452-E5755DEDA513}.Debug|Any CPU.Build.0 = Debug|Any CPU
		{208F20E2-19D9-4EF9-9452-E5755DEDA513}.Release|Any CPU.ActiveCfg = Release|Any CPU
		{208F20E2-19D9-4EF9-9452-E5755DEDA513}.Release|Any CPU.Build.0 = Release|Any CPU
		{01B5D059-B9B3-4E72-B26D-1736E935DED4}.Debug|Any CPU.ActiveCfg = Debug|Any CPU
		{01B5D059-B9B3-4E72-B26D-1736E935DED4}.Debug|Any CPU.Build.0 = Debug|Any CPU
		{01B5D059-B9B3-4E72-B26D-1736E935DED4}.Release|Any CPU.ActiveCfg = Release|Any CPU
		{01B5D059-B9B3-4E72-B26D-1736E935DED4}.Release|Any CPU.Build.0 = Release|Any CPU
		{CBE67736-7751-442A-9106-97022CCE4B94}.Debug|Any CPU.ActiveCfg = Debug|Any CPU
		{CBE67736-7751-442A-9106-97022CCE4B94}.Debug|Any CPU.Build.0 = Debug|Any CPU
		{CBE67736-7751-442A-9106-97022CCE4B94}.Release|Any CPU.ActiveCfg = Release|Any CPU
		{CBE67736-7751-442A-9106-97022CCE4B94}.Release|Any CPU.Build.0 = Release|Any CPU
		{D4DFE4E7-3AF5-4121-9417-9C89706926C2}.Debug|Any CPU.ActiveCfg = Debug|Any CPU
		{D4DFE4E7-3AF5-4121-9417-9C89706926C2}.Debug|Any CPU.Build.0 = Debug|Any CPU
		{D4DFE4E7-3AF5-4121-9417-9C89706926C2}.Release|Any CPU.ActiveCfg = Release|Any CPU
		{D4DFE4E7-3AF5-4121-9417-9C89706926C2}.Release|Any CPU.Build.0 = Release|Any CPU
		{5127FC5D-29DF-4F0B-B841-9CD827445FED}.Debug|Any CPU.ActiveCfg = Debug|Any CPU
		{5127FC5D-29DF-4F0B-B841-9CD827445FED}.Debug|Any CPU.Build.0 = Debug|Any CPU
		{5127FC5D-29DF-4F0B-B841-9CD827445FED}.Release|Any CPU.ActiveCfg = Release|Any CPU
		{5127FC5D-29DF-4F0B-B841-9CD827445FED}.Release|Any CPU.Build.0 = Release|Any CPU
	EndGlobalSection
	GlobalSection(SolutionProperties) = preSolution
		HideSolutionNode = FALSE
	EndGlobalSection
	GlobalSection(NestedProjects) = preSolution
		{303AC0A4-96D8-472F-A17A-2D417A1CFAB0} = {5A455358-53D3-455E-90F6-823902EC6C3F}
		{208F20E2-19D9-4EF9-9452-E5755DEDA513} = {303AC0A4-96D8-472F-A17A-2D417A1CFAB0}
		{01B5D059-B9B3-4E72-B26D-1736E935DED4} = {5A455358-53D3-455E-90F6-823902EC6C3F}
		{CBE67736-7751-442A-9106-97022CCE4B94} = {5A455358-53D3-455E-90F6-823902EC6C3F}
		{D4DFE4E7-3AF5-4121-9417-9C89706926C2} = {5A455358-53D3-455E-90F6-823902EC6C3F}
		{5127FC5D-29DF-4F0B-B841-9CD827445FED} = {5A455358-53D3-455E-90F6-823902EC6C3F}
	EndGlobalSection
	GlobalSection(ExtensibilityGlobals) = postSolution
		SolutionGuid = {AB5D73DF-92DF-4E78-86D6-D042A7BB5614}
	EndGlobalSection
EndGlobal
